
Microsoft Visual Studio Solution File, Format Version 12.00
# Visual Studio 2013
VisualStudioVersion = 12.0.30501.0
MinimumVisualStudioVersion = 10.0.40219.1
Project("{FAE04EC0-301F-11D3-BF4B-00C04F79EFBC}") = "MemTrack", "MemTrack\MemTrack.csproj", "{FBD2A2C5-D469-402D-BA29-6797627D045C}"
EndProject
Global
	GlobalSection(SolutionConfigurationPlatforms) = preSolution
		Debug|Any CPU = Debug|Any CPU
		Release|Any CPU = Release|Any CPU
	EndGlobalSection
	GlobalSection(ProjectConfigurationPlatforms) = postSolution
		{FBD2A2C5-D469-402D-BA29-6797627D045C}.Debug|Any CPU.ActiveCfg = Debug|Any CPU
		{FBD2A2C5-D469-402D-BA29-6797627D045C}.Debug|Any CPU.Build.0 = Debug|Any CPU
		{FBD2A2C5-D469-402D-BA29-6797627D045C}.Release|Any CPU.ActiveCfg = Release|Any CPU
		{FBD2A2C5-D469-402D-BA29-6797627D045C}.Release|Any CPU.Build.0 = Release|Any CPU
	EndGlobalSection
	GlobalSection(SolutionProperties) = preSolution
		HideSolutionNode = FALSE
	EndGlobalSection
EndGlobal
